
Microsoft Visual Studio Solution File, Format Version 12.00
# Visual Studio Version 17
VisualStudioVersion = 17.14.36202.13
MinimumVisualStudioVersion = 10.0.40219.1
Project("{8BC9CEB8-8B4A-11D0-8D11-00A0C91BC942}") = "Car", "Car\Car.vcxproj", "{61AF535B-F45E-43D6-B001-3614CE1B0239}"
EndProject
Project("{8BC9CEB8-8B4A-11D0-8D11-00A0C91BC942}") = "Threatss", "Threatss\Threatss.vcxproj", "{727857BA-335D-4E24-8B7C-676439A489EC}"
EndProject
Global
	GlobalSection(SolutionConfigurationPlatforms) = preSolution
		Debug|x64 = Debug|x64
		Debug|x86 = Debug|x86
		Release|x64 = Release|x64
		Release|x86 = Release|x86
	EndGlobalSection
	GlobalSection(ProjectConfigurationPlatforms) = postSolution
		{61AF535B-F45E-43D6-B001-3614CE1B0239}.Debug|x64.ActiveCfg = Debug|x64
		{61AF535B-F45E-43D6-B001-3614CE1B0239}.Debug|x64.Build.0 = Debug|x64
		{61AF535B-F45E-43D6-B001-3614CE1B0239}.Debug|x86.ActiveCfg = Debug|Win32
		{61AF535B-F45E-43D6-B001-3614CE1B0239}.Debug|x86.Build.0 = Debug|Win32
		{61AF535B-F45E-43D6-B001-3614CE1B0239}.Release|x64.ActiveCfg = Release|x64
		{61AF535B-F45E-43D6-B001-3614CE1B0239}.Release|x64.Build.0 = Release|x64
		{61AF535B-F45E-43D6-B001-3614CE1B0239}.Release|x86.ActiveCfg = Release|Win32
		{61AF535B-F45E-43D6-B001-3614CE1B0239}.Release|x86.Build.0 = Release|Win32
		{727857BA-335D-4E24-8B7C-676439A489EC}.Debug|x64.ActiveCfg = Debug|x64
		{727857BA-335D-4E24-8B7C-676439A489EC}.Debug|x64.Build.0 = Debug|x64
		{727857BA-335D-4E24-8B7C-676439A489EC}.Debug|x86.ActiveCfg = Debug|Win32
		{727857BA-335D-4E24-8B7C-676439A489EC}.Debug|x86.Build.0 = Debug|Win32
		{727857BA-335D-4E24-8B7C-676439A489EC}.Release|x64.ActiveCfg = Release|x64
		{727857BA-335D-4E24-8B7C-676439A489EC}.Release|x64.Build.0 = Release|x64
		{727857BA-335D-4E24-8B7C-676439A489EC}.Release|x86.ActiveCfg = Release|Win32
		{727857BA-335D-4E24-8B7C-676439A489EC}.Release|x86.Build.0 = Release|Win32
	EndGlobalSection
	GlobalSection(SolutionProperties) = preSolution
		HideSolutionNode = FALSE
	EndGlobalSection
	GlobalSection(ExtensibilityGlobals) = postSolution
		SolutionGuid = {8637F1E9-991D-4CC6-9B9A-709F0862A2B2}
	EndGlobalSection
EndGlobal
